PODS:
  - Differentiator (5.0.0)
  - GoogleDataTransport (9.1.2):
    - GoogleUtilities/Environment (~> 7.2)
    - nanopb (~> 2.30908.0)
    - PromisesObjC (< 3.0, >= 1.2)
  - GoogleMLKit/MLKitCore (2.3.0):
    - MLKitCommon (~> 3.1.0)
  - GoogleMLKit/PoseDetectionAccurate (2.3.0):
    - GoogleMLKit/MLKitCore
    - MLKitPoseDetectionAccurate (~> 1.0.0-beta5)
  - GoogleToolboxForMac/DebugUtils (2.3.2):
    - GoogleToolboxForMac/Defines (= 2.3.2)
  - GoogleToolboxForMac/Defines (2.3.2)
  - GoogleToolboxForMac/Logger (2.3.2):
    - GoogleToolboxForMac/Defines (= 2.3.2)
  - "GoogleToolboxForMac/NSData+zlib (2.3.2)":
    - GoogleToolboxForMac/Defines (= 2.3.2)
  - "GoogleToolboxForMac/NSDictionary+URLArguments (2.3.2)":
    - GoogleToolboxForMac/DebugUtils (= 2.3.2)
    - GoogleToolboxForMac/Defines (= 2.3.2)
    - "GoogleToolboxForMac/NSString+URLArguments (= 2.3.2)"
  - "GoogleToolboxForMac/NSString+URLArguments (2.3.2)"
  - GoogleUtilities/Environment (7.6.0):
    - PromisesObjC (< 3.0, >= 1.2)
  - GoogleUtilities/Logger (7.6.0):
    - GoogleUtilities/Environment
  - GoogleUtilities/UserDefaults (7.6.0):
    - GoogleUtilities/Logger
  - GoogleUtilitiesComponents (1.0.0):
    - GoogleUtilities/Logger
  - GTMSessionFetcher/Core (1.7.0)
  - MLImage (1.0.0-beta1)
  - MLKitCommon (3.1.0):
    - GoogleDataTransport (~> 9.0)
    - GoogleToolboxForMac/Logger (~> 2.1)
    - "GoogleToolboxForMac/NSData+zlib (~> 2.1)"
    - "GoogleToolboxForMac/NSDictionary+URLArguments (~> 2.1)"
    - GoogleUtilities/UserDefaults (~> 7.0)
    - GoogleUtilitiesComponents (~> 1.0)
    - GTMSessionFetcher/Core (~> 1.1)
    - Protobuf (~> 3.12)
  - MLKitPoseDetectionAccurate (1.0.0-beta5):
    - MLKitCommon (~> 3.1)
    - MLKitPoseDetectionCommon (= 1.0.0-beta5)
    - MLKitXenoCommon (= 1.0.0-beta5)
  - MLKitPoseDetectionCommon (1.0.0-beta5):
    - MLKitCommon (~> 3.1)
    - MLKitXenoCommon (= 1.0.0-beta5)
  - MLKitVision (1.3.0):
    - GoogleToolboxForMac/Logger (~> 2.1)
    - "GoogleToolboxForMac/NSData+zlib (~> 2.1)"
    - GTMSessionFetcher/Core (~> 1.1)
    - MLImage (= 1.0.0-beta1)
    - MLKitCommon (~> 3.0)
    - Protobuf (~> 3.12)
  - MLKitXenoCommon (1.0.0-beta5):
    - MLKitCommon (~> 3.1)
    - MLKitVision (~> 1.3)
  - nanopb (2.30908.0):
    - nanopb/decode (= 2.30908.0)
    - nanopb/encode (= 2.30908.0)
  - nanopb/decode (2.30908.0)
  - nanopb/encode (2.30908.0)
  - PromisesObjC (2.0.0)
  - Protobuf (3.19.0)
  - ReactorKit (3.0.0):
    - RxSwift (~> 6.0)
    - WeakMapTable (~> 1.1)
  - RxCocoa (6.1.0):
    - RxRelay (= 6.1.0)
    - RxSwift (= 6.1.0)
  - RxDataSources (5.0.0):
    - Differentiator (~> 5.0)
    - RxCocoa (~> 6.0)
    - RxSwift (~> 6.0)
  - RxRelay (6.1.0):
    - RxSwift (= 6.1.0)
  - RxSwift (6.1.0)
  - ScreenCorners (1.0.1)
  - SnapKit (5.0.1)
  - TensorFlowLiteC (2.7.0):
    - TensorFlowLiteC/Core (= 2.7.0)
  - TensorFlowLiteC/Core (2.7.0)
  - TensorFlowLiteSwift (2.7.0):
    - TensorFlowLiteSwift/Core (= 2.7.0)
  - TensorFlowLiteSwift/Core (2.7.0):
    - TensorFlowLiteC (= 2.7.0)
  - Then (2.7.0)
  - WeakMapTable (1.2.0)

DEPENDENCIES:
  - GoogleMLKit/PoseDetectionAccurate (= 2.3.0)
  - ReactorKit
  - RxCocoa
  - RxDataSources
  - RxSwift
  - ScreenCorners
  - SnapKit
  - TensorFlowLiteSwift
  - Then

SPEC REPOS:
  trunk:
    - Differentiator
    - GoogleDataTransport
    - GoogleMLKit
    - GoogleToolboxForMac
    - GoogleUtilities
    - GoogleUtilitiesComponents
    - GTMSessionFetcher
    - MLImage
    - MLKitCommon
    - MLKitPoseDetectionAccurate
    - MLKitPoseDetectionCommon
    - MLKitVision
    - MLKitXenoCommon
    - nanopb
    - PromisesObjC
    - Protobuf
    - ReactorKit
    - RxCocoa
    - RxDataSources
    - RxRelay
    - RxSwift
    - ScreenCorners
    - SnapKit
    - TensorFlowLiteC
    - TensorFlowLiteSwift
    - Then
    - WeakMapTable

SPEC CHECKSUMS:
  Differentiator: e8497ceab83c1b10ca233716d547b9af21b9344d
  GoogleDataTransport: 629c20a4d363167143f30ea78320d5a7eb8bd940
  GoogleMLKit: 53d5adbee0fe5a701e970f1387d2cfececd5bc50
  GoogleToolboxForMac: 8bef7c7c5cf7291c687cf5354f39f9db6399ad34
  GoogleUtilities: 684ee790a24f73ebb2d1d966e9711c203f2a4237
  GoogleUtilitiesComponents: a69c0b3b369ba443e988141e75ef49d9010b1c80
  GTMSessionFetcher: 43748f93435c2aa068b1cbe39655aaf600652e91
  MLImage: 647f3d580c10b3c9a3f6154f5d7baead60c42a0c
  MLKitCommon: 1b5c79d52f79d9cc93ab5300e9713c4c215121ea
  MLKitPoseDetectionAccurate: ea4d937dcc4ad5862c1c7157dcfd2141d0545412
  MLKitPoseDetectionCommon: f3465bba3561e2f12cf4e80ce04e8eb0784ab30b
  MLKitVision: 26da299aef93291f24f5200e8372919f73abf3b5
  MLKitXenoCommon: 34fc24339d4ad1a3b0b0973fae18987f60802984
  nanopb: a0ba3315591a9ae0a16a309ee504766e90db0c96
  PromisesObjC: 68159ce6952d93e17b2dfe273b8c40907db5ba58
  Protobuf: e9b99dd5da72f665ec503b19191f245a22188b4d
  ReactorKit: 5348c9881dcb546605b451e32759dccc9937d36e
  RxCocoa: 5c51f02d562cbd94629f6c26cf0c80fe4ab8d343
  RxDataSources: aa47cc1ed6c500fa0dfecac5c979b723542d79cf
  RxRelay: 483e1a19fad961b41f0b0c0bee506f46c1ae14fe
  RxSwift: a834e5c538e89eca0cae86f403f4fbf0336786ce
  ScreenCorners: 9bfdf033122fb645d57cc8f9df7b8ea770720771
  SnapKit: 97b92857e3df3a0c71833cce143274bf6ef8e5eb
  TensorFlowLiteC: 50d75ed3640c15dcfbaf88ca4326297b445e00a1
  TensorFlowLiteSwift: fe99748dc3d58ae08bd2ff38658e3ade7038670f
  Then: acfe0be7e98221c6204e12f8161459606d5d822d
  WeakMapTable: 05c694ce8439a7a9ebabb56187287a63c57673d6

PODFILE CHECKSUM: 28395cdb22a71dee3afdc625b23ee8dd65e6e3e6

COCOAPODS: 1.9.3
