// !$*UTF8*$!
{
	archiveVersion = 1;
	classes = {
	};
	objectVersion = 55;
	objects = {

/* Begin PBXBuildFile section */
		641AED732765BD3500C9E875 /* AnalyzeViewController.swift in Sources */ = {isa = PBXBuildFile; fileRef = 641AED722765BD3500C9E875 /* AnalyzeViewController.swift */; };
		641AED752767828700C9E875 /* ResultView.swift in Sources */ = {isa = PBXBuildFile; fileRef = 641AED742767828700C9E875 /* ResultView.swift */; };
		641AED772767959D00C9E875 /* PlayerCell.swift.swift in Sources */ = {isa = PBXBuildFile; fileRef = 641AED762767959D00C9E875 /* PlayerCell.swift.swift */; };
		641AED792767978300C9E875 /* ResultCell.swift in Sources */ = {isa = PBXBuildFile; fileRef = 641AED782767978300C9E875 /* ResultCell.swift */; };
		641AED7C276798C700C9E875 /* Result.swift in Sources */ = {isa = PBXBuildFile; fileRef = 641AED7B276798C700C9E875 /* Result.swift */; };
		641AED7E27679A2500C9E875 /* TitleCell.swift in Sources */ = {isa = PBXBuildFile; fileRef = 641AED7D27679A2500C9E875 /* TitleCell.swift */; };
		641AED8027679B3900C9E875 /* ButtonCell.swift in Sources */ = {isa = PBXBuildFile; fileRef = 641AED7F27679B3900C9E875 /* ButtonCell.swift */; };
		645D6E9A2764769500E8E02D /* MainViewController.swift in Sources */ = {isa = PBXBuildFile; fileRef = 645D6E992764769500E8E02D /* MainViewController.swift */; };
		645D6E9D27647CBA00E8E02D /* UIView+Extensions.swift in Sources */ = {isa = PBXBuildFile; fileRef = 645D6E9C27647CBA00E8E02D /* UIView+Extensions.swift */; };
		645D6E9F27647D9400E8E02D /* UIColor+Extensions.swift in Sources */ = {isa = PBXBuildFile; fileRef = 645D6E9E27647D9400E8E02D /* UIColor+Extensions.swift */; };
		645D6EA22764889500E8E02D /* PoseManager.swift in Sources */ = {isa = PBXBuildFile; fileRef = 645D6EA12764889500E8E02D /* PoseManager.swift */; };
		645D6EA4276493FA00E8E02D /* MainViewReactor.swift in Sources */ = {isa = PBXBuildFile; fileRef = 645D6EA3276493FA00E8E02D /* MainViewReactor.swift */; };
		64952E89276C67220066D35D /* AnalyzeManager.swift.swift in Sources */ = {isa = PBXBuildFile; fileRef = 64952E88276C67220066D35D /* AnalyzeManager.swift.swift */; };
		64A6416827296C0200C45B51 /* AppDelegate.swift in Sources */ = {isa = PBXBuildFile; fileRef = 64A6416727296C0200C45B51 /* AppDelegate.swift */; };
		64A6416A27296C0200C45B51 /* SceneDelegate.swift in Sources */ = {isa = PBXBuildFile; fileRef = 64A6416927296C0200C45B51 /* SceneDelegate.swift */; };
		64A6416C27296C0200C45B51 /* ViewController.swift in Sources */ = {isa = PBXBuildFile; fileRef = 64A6416B27296C0200C45B51 /* ViewController.swift */; };
		64A6416F27296C0200C45B51 /* Main.storyboard in Resources */ = {isa = PBXBuildFile; fileRef = 64A6416D27296C0200C45B51 /* Main.storyboard */; };
		64A6417127296C0500C45B51 /* Assets.xcassets in Resources */ = {isa = PBXBuildFile; fileRef = 64A6417027296C0500C45B51 /* Assets.xcassets */; };
		64A6417427296C0500C45B51 /* LaunchScreen.storyboard in Resources */ = {isa = PBXBuildFile; fileRef = 64A6417227296C0500C45B51 /* LaunchScreen.storyboard */; };
		64A6417C2729730700C45B51 /* sample.mp4 in Resources */ = {isa = PBXBuildFile; fileRef = 64A6417B2729730600C45B51 /* sample.mp4 */; };
		994CD4D2AE93E87C9F15CB9A /* Pods_golf_pose.framework in Frameworks */ = {isa = PBXBuildFile; fileRef = 3B3FEC50FA9D86BE323CBBC2 /* Pods_golf_pose.framework */; };
/* End PBXBuildFile section */

/* Begin PBXFileReference section */
		3B3FEC50FA9D86BE323CBBC2 /* Pods_golf_pose.framework */ = {isa = PBXFileReference; explicitFileType = wrapper.framework; includeInIndex = 0; path = Pods_golf_pose.framework; sourceTree = BUILT_PRODUCTS_DIR; };
		5C4433CDE30E63E0052DB725 /* Pods-golf-pose.release.xcconfig */ = {isa = PBXFileReference; includeInIndex = 1; lastKnownFileType = text.xcconfig; name = "Pods-golf-pose.release.xcconfig"; path = "Target Support Files/Pods-golf-pose/Pods-golf-pose.release.xcconfig"; sourceTree = "<group>"; };
		641AED722765BD3500C9E875 /* AnalyzeViewController.swift */ = {isa = PBXFileReference; lastKnownFileType = sourcecode.swift; path = AnalyzeViewController.swift; sourceTree = "<group>"; };
		641AED742767828700C9E875 /* ResultView.swift */ = {isa = PBXFileReference; lastKnownFileType = sourcecode.swift; path = ResultView.swift; sourceTree = "<group>"; };
		641AED762767959D00C9E875 /* PlayerCell.swift.swift */ = {isa = PBXFileReference; lastKnownFileType = sourcecode.swift; path = PlayerCell.swift.swift; sourceTree = "<group>"; };
		641AED782767978300C9E875 /* ResultCell.swift */ = {isa = PBXFileReference; lastKnownFileType = sourcecode.swift; path = ResultCell.swift; sourceTree = "<group>"; };
		641AED7B276798C700C9E875 /* Result.swift */ = {isa = PBXFileReference; lastKnownFileType = sourcecode.swift; path = Result.swift; sourceTree = "<group>"; };
		641AED7D27679A2500C9E875 /* TitleCell.swift */ = {isa = PBXFileReference; lastKnownFileType = sourcecode.swift; path = TitleCell.swift; sourceTree = "<group>"; };
		641AED7F27679B3900C9E875 /* ButtonCell.swift */ = {isa = PBXFileReference; lastKnownFileType = sourcecode.swift; path = ButtonCell.swift; sourceTree = "<group>"; };
		641AED812768D64700C9E875 /* sample1.mp4 */ = {isa = PBXFileReference; lastKnownFileType = file; path = sample1.mp4; sourceTree = "<group>"; };
		645D6E992764769500E8E02D /* MainViewController.swift */ = {isa = PBXFileReference; lastKnownFileType = sourcecode.swift; path = MainViewController.swift; sourceTree = "<group>"; };
		645D6E9C27647CBA00E8E02D /* UIView+Extensions.swift */ = {isa = PBXFileReference; lastKnownFileType = sourcecode.swift; path = "UIView+Extensions.swift"; sourceTree = "<group>"; };
		645D6E9E27647D9400E8E02D /* UIColor+Extensions.swift */ = {isa = PBXFileReference; lastKnownFileType = sourcecode.swift; path = "UIColor+Extensions.swift"; sourceTree = "<group>"; };
		645D6EA12764889500E8E02D /* PoseManager.swift */ = {isa = PBXFileReference; lastKnownFileType = sourcecode.swift; path = PoseManager.swift; sourceTree = "<group>"; };
		645D6EA3276493FA00E8E02D /* MainViewReactor.swift */ = {isa = PBXFileReference; lastKnownFileType = sourcecode.swift; path = MainViewReactor.swift; sourceTree = "<group>"; };
		64952E88276C67220066D35D /* AnalyzeManager.swift.swift */ = {isa = PBXFileReference; lastKnownFileType = sourcecode.swift; path = AnalyzeManager.swift.swift; sourceTree = "<group>"; };
		64A6416427296C0200C45B51 /* golf-pose.app */ = {isa = PBXFileReference; explicitFileType = wrapper.application; includeInIndex = 0; path = "golf-pose.app"; sourceTree = BUILT_PRODUCTS_DIR; };
		64A6416727296C0200C45B51 /* AppDelegate.swift */ = {isa = PBXFileReference; lastKnownFileType = sourcecode.swift; path = AppDelegate.swift; sourceTree = "<group>"; };
		64A6416927296C0200C45B51 /* SceneDelegate.swift */ = {isa = PBXFileReference; lastKnownFileType = sourcecode.swift; path = SceneDelegate.swift; sourceTree = "<group>"; };
		64A6416B27296C0200C45B51 /* ViewController.swift */ = {isa = PBXFileReference; lastKnownFileType = sourcecode.swift; path = ViewController.swift; sourceTree = "<group>"; };
		64A6416E27296C0200C45B51 /* Base */ = {isa = PBXFileReference; lastKnownFileType = file.storyboard; name = Base; path = Base.lproj/Main.storyboard; sourceTree = "<group>"; };
		64A6417027296C0500C45B51 /* Assets.xcassets */ = {isa = PBXFileReference; lastKnownFileType = folder.assetcatalog; path = Assets.xcassets; sourceTree = "<group>"; };
		64A6417327296C0500C45B51 /* Base */ = {isa = PBXFileReference; lastKnownFileType = file.storyboard; name = Base; path = Base.lproj/LaunchScreen.storyboard; sourceTree = "<group>"; };
		64A6417527296C0500C45B51 /* Info.plist */ = {isa = PBXFileReference; lastKnownFileType = text.plist.xml; path = Info.plist; sourceTree = "<group>"; };
		64A6417B2729730600C45B51 /* sample.mp4 */ = {isa = PBXFileReference; lastKnownFileType = file; path = sample.mp4; sourceTree = "<group>"; };
		CBC2A9A5EF969DACFA8AEAF2 /* Pods-golf-pose.debug.xcconfig */ = {isa = PBXFileReference; includeInIndex = 1; lastKnownFileType = text.xcconfig; name = "Pods-golf-pose.debug.xcconfig"; path = "Target Support Files/Pods-golf-pose/Pods-golf-pose.debug.xcconfig"; sourceTree = "<group>"; };
/* End PBXFileReference section */

/* Begin PBXFrameworksBuildPhase section */
		64A6416127296C0200C45B51 /* Frameworks */ = {
			isa = PBXFrameworksBuildPhase;
			buildActionMask = 2147483647;
			files = (
				994CD4D2AE93E87C9F15CB9A /* Pods_golf_pose.framework in Frameworks */,
			);
			runOnlyForDeploymentPostprocessing = 0;
		};
/* End PBXFrameworksBuildPhase section */

/* Begin PBXGroup section */
		15ADB86E4DB6A3717951CDC6 /* Frameworks */ = {
			isa = PBXGroup;
			children = (
				3B3FEC50FA9D86BE323CBBC2 /* Pods_golf_pose.framework */,
			);
			name = Frameworks;
			sourceTree = "<group>";
		};
		52BE67075EBDAFE4189FC665 /* Pods */ = {
			isa = PBXGroup;
			children = (
				CBC2A9A5EF969DACFA8AEAF2 /* Pods-golf-pose.debug.xcconfig */,
				5C4433CDE30E63E0052DB725 /* Pods-golf-pose.release.xcconfig */,
			);
			path = Pods;
			sourceTree = "<group>";
		};
		641AED712765BD2000C9E875 /* Analyze */ = {
			isa = PBXGroup;
			children = (
				641AED722765BD3500C9E875 /* AnalyzeViewController.swift */,
				641AED742767828700C9E875 /* ResultView.swift */,
				641AED762767959D00C9E875 /* PlayerCell.swift.swift */,
				641AED782767978300C9E875 /* ResultCell.swift */,
				641AED7D27679A2500C9E875 /* TitleCell.swift */,
				641AED7F27679B3900C9E875 /* ButtonCell.swift */,
			);
			path = Analyze;
			sourceTree = "<group>";
		};
		641AED7A276798BD00C9E875 /* Models */ = {
			isa = PBXGroup;
			children = (
				641AED812768D64700C9E875 /* sample1.mp4 */,
				641AED7B276798C700C9E875 /* Result.swift */,
			);
			path = Models;
			sourceTree = "<group>";
		};
		645D6E982764768700E8E02D /* Main */ = {
			isa = PBXGroup;
			children = (
				645D6E992764769500E8E02D /* MainViewController.swift */,
				645D6EA3276493FA00E8E02D /* MainViewReactor.swift */,
			);
			path = Main;
			sourceTree = "<group>";
		};
		645D6E9B27647CAE00E8E02D /* Utils */ = {
			isa = PBXGroup;
			children = (
				645D6E9C27647CBA00E8E02D /* UIView+Extensions.swift */,
				645D6E9E27647D9400E8E02D /* UIColor+Extensions.swift */,
			);
			path = Utils;
			sourceTree = "<group>";
		};
		645D6EA02764887B00E8E02D /* Managers */ = {
			isa = PBXGroup;
			children = (
				645D6EA12764889500E8E02D /* PoseManager.swift */,
				64952E88276C67220066D35D /* AnalyzeManager.swift.swift */,
			);
			path = Managers;
			sourceTree = "<group>";
		};
		64A6415B27296C0200C45B51 = {
			isa = PBXGroup;
			children = (
				64A6416627296C0200C45B51 /* golf-pose */,
				64A6416527296C0200C45B51 /* Products */,
				52BE67075EBDAFE4189FC665 /* Pods */,
				15ADB86E4DB6A3717951CDC6 /* Frameworks */,
			);
			sourceTree = "<group>";
		};
		64A6416527296C0200C45B51 /* Products */ = {
			isa = PBXGroup;
			children = (
				64A6416427296C0200C45B51 /* golf-pose.app */,
			);
			name = Products;
			sourceTree = "<group>";
		};
		64A6416627296C0200C45B51 /* golf-pose */ = {
			isa = PBXGroup;
			children = (
				641AED7A276798BD00C9E875 /* Models */,
				641AED712765BD2000C9E875 /* Analyze */,
				645D6EA02764887B00E8E02D /* Managers */,
				645D6E9B27647CAE00E8E02D /* Utils */,
				645D6E982764768700E8E02D /* Main */,
				64A6416727296C0200C45B51 /* AppDelegate.swift */,
				64A6416927296C0200C45B51 /* SceneDelegate.swift */,
				64A6416B27296C0200C45B51 /* ViewController.swift */,
				64A6416D27296C0200C45B51 /* Main.storyboard */,
				64A6417027296C0500C45B51 /* Assets.xcassets */,
				64A6417227296C0500C45B51 /* LaunchScreen.storyboard */,
				64A6417B2729730600C45B51 /* sample.mp4 */,
				64A6417527296C0500C45B51 /* Info.plist */,
			);
			path = "golf-pose";
			sourceTree = "<group>";
		};
/* End PBXGroup section */

/* Begin PBXNativeTarget section */
		64A6416327296C0200C45B51 /* golf-pose */ = {
			isa = PBXNativeTarget;
			buildConfigurationList = 64A6417827296C0500C45B51 /* Build configuration list for PBXNativeTarget "golf-pose" */;
			buildPhases = (
				379AEE509AC8438EDD304E59 /* [CP] Check Pods Manifest.lock */,
				64A6416027296C0200C45B51 /* Sources */,
				64A6416127296C0200C45B51 /* Frameworks */,
				64A6416227296C0200C45B51 /* Resources */,
				B461BCB264FB32D22F2EF96A /* [CP] Embed Pods Frameworks */,
				8380BE78E5B0E7BAEFA267F9 /* [CP] Copy Pods Resources */,
			);
			buildRules = (
			);
			dependencies = (
			);
			name = "golf-pose";
			productName = "golf-pose";
			productReference = 64A6416427296C0200C45B51 /* golf-pose.app */;
			productType = "com.apple.product-type.application";
		};
/* End PBXNativeTarget section */

/* Begin PBXProject section */
		64A6415C27296C0200C45B51 /* Project object */ = {
			isa = PBXProject;
			attributes = {
				BuildIndependentTargetsInParallel = 1;
				LastSwiftUpdateCheck = 1310;
				LastUpgradeCheck = 1310;
				TargetAttributes = {
					64A6416327296C0200C45B51 = {
						CreatedOnToolsVersion = 13.1;
					};
				};
			};
			buildConfigurationList = 64A6415F27296C0200C45B51 /* Build configuration list for PBXProject "golf-pose" */;
			compatibilityVersion = "Xcode 13.0";
			developmentRegion = en;
			hasScannedForEncodings = 0;
			knownRegions = (
				en,
				Base,
			);
			mainGroup = 64A6415B27296C0200C45B51;
			productRefGroup = 64A6416527296C0200C45B51 /* Products */;
			projectDirPath = "";
			projectRoot = "";
			targets = (
				64A6416327296C0200C45B51 /* golf-pose */,
			);
		};
/* End PBXProject section */

/* Begin PBXResourcesBuildPhase section */
		64A6416227296C0200C45B51 /* Resources */ = {
			isa = PBXResourcesBuildPhase;
			buildActionMask = 2147483647;
			files = (
				64A6417C2729730700C45B51 /* sample.mp4 in Resources */,
				64A6417427296C0500C45B51 /* LaunchScreen.storyboard in Resources */,
				64A6417127296C0500C45B51 /* Assets.xcassets in Resources */,
				64A6416F27296C0200C45B51 /* Main.storyboard in Resources */,
			);
			runOnlyForDeploymentPostprocessing = 0;
		};
/* End PBXResourcesBuildPhase section */

/* Begin PBXShellScriptBuildPhase section */
		379AEE509AC8438EDD304E59 /* [CP] Check Pods Manifest.lock */ = {
			isa = PBXShellScriptBuildPhase;
			buildActionMask = 2147483647;
			files = (
			);
			inputFileListPaths = (
			);
			inputPaths = (
				"${PODS_PODFILE_DIR_PATH}/Podfile.lock",
				"${PODS_ROOT}/Manifest.lock",
			);
			name = "[CP] Check Pods Manifest.lock";
			outputFileListPaths = (
			);
			outputPaths = (
				"$(DERIVED_FILE_DIR)/Pods-golf-pose-checkManifestLockResult.txt",
			);
			runOnlyForDeploymentPostprocessing = 0;
			shellPath = /bin/sh;
			shellScript = "diff \"${PODS_PODFILE_DIR_PATH}/Podfile.lock\" \"${PODS_ROOT}/Manifest.lock\" > /dev/null\nif [ $? != 0 ] ; then\n    # print error to STDERR\n    echo \"error: The sandbox is not in sync with the Podfile.lock. Run 'pod install' or update your CocoaPods installation.\" >&2\n    exit 1\nfi\n# This output is used by Xcode 'outputs' to avoid re-running this script phase.\necho \"SUCCESS\" > \"${SCRIPT_OUTPUT_FILE_0}\"\n";
			showEnvVarsInLog = 0;
		};
		8380BE78E5B0E7BAEFA267F9 /* [CP] Copy Pods Resources */ = {
			isa = PBXShellScriptBuildPhase;
			buildActionMask = 2147483647;
			files = (
			);
			inputFileListPaths = (
				"${PODS_ROOT}/Target Support Files/Pods-golf-pose/Pods-golf-pose-resources-${CONFIGURATION}-input-files.xcfilelist",
			);
			name = "[CP] Copy Pods Resources";
			outputFileListPaths = (
				"${PODS_ROOT}/Target Support Files/Pods-golf-pose/Pods-golf-pose-resources-${CONFIGURATION}-output-files.xcfilelist",
			);
			runOnlyForDeploymentPostprocessing = 0;
			shellPath = /bin/sh;
			shellScript = "\"${PODS_ROOT}/Target Support Files/Pods-golf-pose/Pods-golf-pose-resources.sh\"\n";
			showEnvVarsInLog = 0;
		};
		B461BCB264FB32D22F2EF96A /* [CP] Embed Pods Frameworks */ = {
			isa = PBXShellScriptBuildPhase;
			buildActionMask = 2147483647;
			files = (
			);
			inputFileListPaths = (
				"${PODS_ROOT}/Target Support Files/Pods-golf-pose/Pods-golf-pose-frameworks-${CONFIGURATION}-input-files.xcfilelist",
			);
			name = "[CP] Embed Pods Frameworks";
			outputFileListPaths = (
				"${PODS_ROOT}/Target Support Files/Pods-golf-pose/Pods-golf-pose-frameworks-${CONFIGURATION}-output-files.xcfilelist",
			);
			runOnlyForDeploymentPostprocessing = 0;
			shellPath = /bin/sh;
			shellScript = "\"${PODS_ROOT}/Target Support Files/Pods-golf-pose/Pods-golf-pose-frameworks.sh\"\n";
			showEnvVarsInLog = 0;
		};
/* End PBXShellScriptBuildPhase section */

/* Begin PBXSourcesBuildPhase section */
		64A6416027296C0200C45B51 /* Sources */ = {
			isa = PBXSourcesBuildPhase;
			buildActionMask = 2147483647;
			files = (
				641AED7E27679A2500C9E875 /* TitleCell.swift in Sources */,
				645D6EA4276493FA00E8E02D /* MainViewReactor.swift in Sources */,
				641AED7C276798C700C9E875 /* Result.swift in Sources */,
				64A6416C27296C0200C45B51 /* ViewController.swift in Sources */,
				641AED792767978300C9E875 /* ResultCell.swift in Sources */,
				645D6E9F27647D9400E8E02D /* UIColor+Extensions.swift in Sources */,
				645D6EA22764889500E8E02D /* PoseManager.swift in Sources */,
				645D6E9D27647CBA00E8E02D /* UIView+Extensions.swift in Sources */,
				641AED8027679B3900C9E875 /* ButtonCell.swift in Sources */,
				641AED732765BD3500C9E875 /* AnalyzeViewController.swift in Sources */,
				64A6416827296C0200C45B51 /* AppDelegate.swift in Sources */,
				641AED752767828700C9E875 /* ResultView.swift in Sources */,
				64A6416A27296C0200C45B51 /* SceneDelegate.swift in Sources */,
				641AED772767959D00C9E875 /* PlayerCell.swift.swift in Sources */,
				645D6E9A2764769500E8E02D /* MainViewController.swift in Sources */,
				64952E89276C67220066D35D /* AnalyzeManager.swift.swift in Sources */,
			);
			runOnlyForDeploymentPostprocessing = 0;
		};
/* End PBXSourcesBuildPhase section */

/* Begin PBXVariantGroup section */
		64A6416D27296C0200C45B51 /* Main.storyboard */ = {
			isa = PBXVariantGroup;
			children = (
				64A6416E27296C0200C45B51 /* Base */,
			);
			name = Main.storyboard;
			sourceTree = "<group>";
		};
		64A6417227296C0500C45B51 /* LaunchScreen.storyboard */ = {
			isa = PBXVariantGroup;
			children = (
				64A6417327296C0500C45B51 /* Base */,
			);
			name = LaunchScreen.storyboard;
			sourceTree = "<group>";
		};
/* End PBXVariantGroup section */

/* Begin XCBuildConfiguration section */
		64A6417627296C0500C45B51 /* Debug */ = {
			isa = XCBuildConfiguration;
			buildSettings = {
				ALWAYS_SEARCH_USER_PATHS = NO;
				CLANG_ANALYZER_NONNULL = YES;
				CLANG_ANALYZER_NUMBER_OBJECT_CONVERSION = YES_AGGRESSIVE;
				CLANG_CXX_LANGUAGE_STANDARD = "gnu++17";
				CLANG_CXX_LIBRARY = "libc++";
				CLANG_ENABLE_MODULES = YES;
				CLANG_ENABLE_OBJC_ARC = YES;
				CLANG_ENABLE_OBJC_WEAK = YES;
				CLANG_WARN_BLOCK_CAPTURE_AUTORELEASING = YES;
				CLANG_WARN_BOOL_CONVERSION = YES;
				CLANG_WARN_COMMA = YES;
				CLANG_WARN_CONSTANT_CONVERSION = YES;
				CLANG_WARN_DEPRECATED_OBJC_IMPLEMENTATIONS = YES;
				CLANG_WARN_DIRECT_OBJC_ISA_USAGE = YES_ERROR;
				CLANG_WARN_DOCUMENTATION_COMMENTS = YES;
				CLANG_WARN_EMPTY_BODY = YES;
				CLANG_WARN_ENUM_CONVERSION = YES;
				CLANG_WARN_INFINITE_RECURSION = YES;
				CLANG_WARN_INT_CONVERSION = YES;
				CLANG_WARN_NON_LITERAL_NULL_CONVERSION = YES;
				CLANG_WARN_OBJC_IMPLICIT_RETAIN_SELF = YES;
				CLANG_WARN_OBJC_LITERAL_CONVERSION = YES;
				CLANG_WARN_OBJC_ROOT_CLASS = YES_ERROR;
				CLANG_WARN_QUOTED_INCLUDE_IN_FRAMEWORK_HEADER = YES;
				CLANG_WARN_RANGE_LOOP_ANALYSIS = YES;
				CLANG_WARN_STRICT_PROTOTYPES = YES;
				CLANG_WARN_SUSPICIOUS_MOVE = YES;
				CLANG_WARN_UNGUARDED_AVAILABILITY = YES_AGGRESSIVE;
				CLANG_WARN_UNREACHABLE_CODE = YES;
				CLANG_WARN__DUPLICATE_METHOD_MATCH = YES;
				COPY_PHASE_STRIP = NO;
				DEBUG_INFORMATION_FORMAT = dwarf;
				ENABLE_STRICT_OBJC_MSGSEND = YES;
				ENABLE_TESTABILITY = YES;
				GCC_C_LANGUAGE_STANDARD = gnu11;
				GCC_DYNAMIC_NO_PIC = NO;
				GCC_NO_COMMON_BLOCKS = YES;
				GCC_OPTIMIZATION_LEVEL = 0;
				GCC_PREPROCESSOR_DEFINITIONS = (
					"DEBUG=1",
					"$(inherited)",
				);
				GCC_WARN_64_TO_32_BIT_CONVERSION = YES;
				GCC_WARN_ABOUT_RETURN_TYPE = YES_ERROR;
				GCC_WARN_UNDECLARED_SELECTOR = YES;
				GCC_WARN_UNINITIALIZED_AUTOS = YES_AGGRESSIVE;
				GCC_WARN_UNUSED_FUNCTION = YES;
				GCC_WARN_UNUSED_VARIABLE = YES;
				IPHONEOS_DEPLOYMENT_TARGET = 15.0;
				MTL_ENABLE_DEBUG_INFO = INCLUDE_SOURCE;
				MTL_FAST_MATH = YES;
				ONLY_ACTIVE_ARCH = YES;
				SDKROOT = iphoneos;
				SWIFT_ACTIVE_COMPILATION_CONDITIONS = DEBUG;
				SWIFT_OPTIMIZATION_LEVEL = "-Onone";
			};
			name = Debug;
		};
		64A6417727296C0500C45B51 /* Release */ = {
			isa = XCBuildConfiguration;
			buildSettings = {
				ALWAYS_SEARCH_USER_PATHS = NO;
				CLANG_ANALYZER_NONNULL = YES;
				CLANG_ANALYZER_NUMBER_OBJECT_CONVERSION = YES_AGGRESSIVE;
				CLANG_CXX_LANGUAGE_STANDARD = "gnu++17";
				CLANG_CXX_LIBRARY = "libc++";
				CLANG_ENABLE_MODULES = YES;
				CLANG_ENABLE_OBJC_ARC = YES;
				CLANG_ENABLE_OBJC_WEAK = YES;
				CLANG_WARN_BLOCK_CAPTURE_AUTORELEASING = YES;
				CLANG_WARN_BOOL_CONVERSION = YES;
				CLANG_WARN_COMMA = YES;
				CLANG_WARN_CONSTANT_CONVERSION = YES;
				CLANG_WARN_DEPRECATED_OBJC_IMPLEMENTATIONS = YES;
				CLANG_WARN_DIRECT_OBJC_ISA_USAGE = YES_ERROR;
				CLANG_WARN_DOCUMENTATION_COMMENTS = YES;
				CLANG_WARN_EMPTY_BODY = YES;
				CLANG_WARN_ENUM_CONVERSION = YES;
				CLANG_WARN_INFINITE_RECURSION = YES;
				CLANG_WARN_INT_CONVERSION = YES;
				CLANG_WARN_NON_LITERAL_NULL_CONVERSION = YES;
				CLANG_WARN_OBJC_IMPLICIT_RETAIN_SELF = YES;
				CLANG_WARN_OBJC_LITERAL_CONVERSION = YES;
				CLANG_WARN_OBJC_ROOT_CLASS = YES_ERROR;
				CLANG_WARN_QUOTED_INCLUDE_IN_FRAMEWORK_HEADER = YES;
				CLANG_WARN_RANGE_LOOP_ANALYSIS = YES;
				CLANG_WARN_STRICT_PROTOTYPES = YES;
				CLANG_WARN_SUSPICIOUS_MOVE = YES;
				CLANG_WARN_UNGUARDED_AVAILABILITY = YES_AGGRESSIVE;
				CLANG_WARN_UNREACHABLE_CODE = YES;
				CLANG_WARN__DUPLICATE_METHOD_MATCH = YES;
				COPY_PHASE_STRIP = NO;
				DEBUG_INFORMATION_FORMAT = "dwarf-with-dsym";
				ENABLE_NS_ASSERTIONS = NO;
				ENABLE_STRICT_OBJC_MSGSEND = YES;
				GCC_C_LANGUAGE_STANDARD = gnu11;
				GCC_NO_COMMON_BLOCKS = YES;
				GCC_WARN_64_TO_32_BIT_CONVERSION = YES;
				GCC_WARN_ABOUT_RETURN_TYPE = YES_ERROR;
				GCC_WARN_UNDECLARED_SELECTOR = YES;
				GCC_WARN_UNINITIALIZED_AUTOS = YES_AGGRESSIVE;
				GCC_WARN_UNUSED_FUNCTION = YES;
				GCC_WARN_UNUSED_VARIABLE = YES;
				IPHONEOS_DEPLOYMENT_TARGET = 15.0;
				MTL_ENABLE_DEBUG_INFO = NO;
				MTL_FAST_MATH = YES;
				SDKROOT = iphoneos;
				SWIFT_COMPILATION_MODE = wholemodule;
				SWIFT_OPTIMIZATION_LEVEL = "-O";
				VALIDATE_PRODUCT = YES;
			};
			name = Release;
		};
		64A6417927296C0500C45B51 /* Debug */ = {
			isa = XCBuildConfiguration;
			baseConfigurationReference = CBC2A9A5EF969DACFA8AEAF2 /* Pods-golf-pose.debug.xcconfig */;
			buildSettings = {
				ASSETCATALOG_COMPILER_APPICON_NAME = AppIcon;
				ASSETCATALOG_COMPILER_GLOBAL_ACCENT_COLOR_NAME = AccentColor;
				CODE_SIGN_STYLE = Automatic;
				CURRENT_PROJECT_VERSION = 1;
				DEVELOPMENT_TEAM = M4QFZ954AV;
				GENERATE_INFOPLIST_FILE = YES;
				INFOPLIST_FILE = "golf-pose/Info.plist";
				INFOPLIST_KEY_UIApplicationSupportsIndirectInputEvents = YES;
				INFOPLIST_KEY_UILaunchStoryboardName = LaunchScreen;
				INFOPLIST_KEY_UISupportedInterfaceOrientations_iPad = "UIInterfaceOrientationPortrait UIInterfaceOrientationPortraitUpsideDown UIInterfaceOrientationLandscapeLeft UIInterfaceOrientationLandscapeRight";
				INFOPLIST_KEY_UISupportedInterfaceOrientations_iPhone = "UIInterfaceOrientationPortrait UIInterfaceOrientationLandscapeLeft UIInterfaceOrientationLandscapeRight";
				LD_RUNPATH_SEARCH_PATHS = (
					"$(inherited)",
					"@executable_path/Frameworks",
				);
				MARKETING_VERSION = 1.0;
				PRODUCT_BUNDLE_IDENTIFIER = "ydh.golf-pose";
				PRODUCT_NAME = "$(TARGET_NAME)";
				SWIFT_EMIT_LOC_STRINGS = YES;
				SWIFT_VERSION = 5.0;
				TARGETED_DEVICE_FAMILY = "1,2";
			};
			name = Debug;
		};
		64A6417A27296C0500C45B51 /* Release */ = {
			isa = XCBuildConfiguration;
			baseConfigurationReference = 5C4433CDE30E63E0052DB725 /* Pods-golf-pose.release.xcconfig */;
			buildSettings = {
				ASSETCATALOG_COMPILER_APPICON_NAME = AppIcon;
				ASSETCATALOG_COMPILER_GLOBAL_ACCENT_COLOR_NAME = AccentColor;
				CODE_SIGN_STYLE = Automatic;
				CURRENT_PROJECT_VERSION = 1;
				DEVELOPMENT_TEAM = M4QFZ954AV;
				GENERATE_INFOPLIST_FILE = YES;
				INFOPLIST_FILE = "golf-pose/Info.plist";
				INFOPLIST_KEY_UIApplicationSupportsIndirectInputEvents = YES;
				INFOPLIST_KEY_UILaunchStoryboardName = LaunchScreen;
				INFOPLIST_KEY_UISupportedInterfaceOrientations_iPad = "UIInterfaceOrientationPortrait UIInterfaceOrientationPortraitUpsideDown UIInterfaceOrientationLandscapeLeft UIInterfaceOrientationLandscapeRight";
				INFOPLIST_KEY_UISupportedInterfaceOrientations_iPhone = "UIInterfaceOrientationPortrait UIInterfaceOrientationLandscapeLeft UIInterfaceOrientationLandscapeRight";
				LD_RUNPATH_SEARCH_PATHS = (
					"$(inherited)",
					"@executable_path/Frameworks",
				);
				MARKETING_VERSION = 1.0;
				PRODUCT_BUNDLE_IDENTIFIER = "ydh.golf-pose";
				PRODUCT_NAME = "$(TARGET_NAME)";
				SWIFT_EMIT_LOC_STRINGS = YES;
				SWIFT_VERSION = 5.0;
				TARGETED_DEVICE_FAMILY = "1,2";
			};
			name = Release;
		};
/* End XCBuildConfiguration section */

/* Begin XCConfigurationList section */
		64A6415F27296C0200C45B51 /* Build configuration list for PBXProject "golf-pose" */ = {
			isa = XCConfigurationList;
			buildConfigurations = (
				64A6417627296C0500C45B51 /* Debug */,
				64A6417727296C0500C45B51 /* Release */,
			);
			defaultConfigurationIsVisible = 0;
			defaultConfigurationName = Release;
		};
		64A6417827296C0500C45B51 /* Build configuration list for PBXNativeTarget "golf-pose" */ = {
			isa = XCConfigurationList;
			buildConfigurations = (
				64A6417927296C0500C45B51 /* Debug */,
				64A6417A27296C0500C45B51 /* Release */,
			);
			defaultConfigurationIsVisible = 0;
			defaultConfigurationName = Release;
		};
/* End XCConfigurationList section */
	};
	rootObject = 64A6415C27296C0200C45B51 /* Project object */;
}
